
Microsoft Visual Studio Solution File, Format Version 12.00
# Visual Studio Version 17
VisualStudioVersion = 17.3.32929.385
MinimumVisualStudioVersion = 10.0.40219.1
Project("{9A19103F-16F7-4668-BE54-9A1E7A4F7556}") = "ShopBase", "ShopBase\ShopBase.csproj", "{35E4696A-9052-4410-8801-1FEE2A0A8B54}"
EndProject
Project("{9A19103F-16F7-4668-BE54-9A1E7A4F7556}") = "WPFDesktopApp", "WPFDesktopApp\WPFDesktopApp.csproj", "{EDAFD048-6C65-4D65-8C36-F64CC90C90D1}"
EndProject
Project("{9A19103F-16F7-4668-BE54-9A1E7A4F7556}") = "WebApp", "WebApp\WebApp.csproj", "{0310D37B-12C7-4CDA-945B-D3094594DBC0}"
EndProject
Project("{2150E333-8FDC-42A3-9474-1A3956D46DE8}") = "Misc", "Misc", "{E4F9F159-9BCC-4E78-A338-868417FC0CBD}"
	ProjectSection(SolutionItems) = preProject
		nuget.config = nuget.config
		Dockerfile = Dockerfile
		LICENSE.txt = LICENSE.txt
		README.md = README.md
		.dockerignore = .dockerignore
		.gitattributes = .gitattributes
		.gitignore = .gitignore
	EndProjectSection
EndProject
Global
	GlobalSection(SolutionConfigurationPlatforms) = preSolution
		Debug|Any CPU = Debug|Any CPU
		Release|Any CPU = Release|Any CPU
	EndGlobalSection
	GlobalSection(ProjectConfigurationPlatforms) = postSolution
		{35E4696A-9052-4410-8801-1FEE2A0A8B54}.Debug|Any CPU.ActiveCfg = Debug|Any CPU
		{35E4696A-9052-4410-8801-1FEE2A0A8B54}.Debug|Any CPU.Build.0 = Debug|Any CPU
		{35E4696A-9052-4410-8801-1FEE2A0A8B54}.Release|Any CPU.ActiveCfg = Release|Any CPU
		{35E4696A-9052-4410-8801-1FEE2A0A8B54}.Release|Any CPU.Build.0 = Release|Any CPU
		{EDAFD048-6C65-4D65-8C36-F64CC90C90D1}.Debug|Any CPU.ActiveCfg = Debug|Any CPU
		{EDAFD048-6C65-4D65-8C36-F64CC90C90D1}.Debug|Any CPU.Build.0 = Debug|Any CPU
		{EDAFD048-6C65-4D65-8C36-F64CC90C90D1}.Release|Any CPU.ActiveCfg = Release|Any CPU
		{EDAFD048-6C65-4D65-8C36-F64CC90C90D1}.Release|Any CPU.Build.0 = Release|Any CPU
		{0310D37B-12C7-4CDA-945B-D3094594DBC0}.Debug|Any CPU.ActiveCfg = Debug|Any CPU
		{0310D37B-12C7-4CDA-945B-D3094594DBC0}.Debug|Any CPU.Build.0 = Debug|Any CPU
		{0310D37B-12C7-4CDA-945B-D3094594DBC0}.Release|Any CPU.ActiveCfg = Release|Any CPU
		{0310D37B-12C7-4CDA-945B-D3094594DBC0}.Release|Any CPU.Build.0 = Release|Any CPU
	EndGlobalSection
	GlobalSection(SolutionProperties) = preSolution
		HideSolutionNode = FALSE
	EndGlobalSection
	GlobalSection(ExtensibilityGlobals) = postSolution
		SolutionGuid = {6B66B4B4-E2D5-489B-A558-89FC2F311CD7}
	EndGlobalSection
EndGlobal
